// !$*UTF8*$!
{
	archiveVersion = 1;
	classes = {
	};
	objectVersion = 51;
	objects = {

/* Begin PBXBuildFile section */
		E27FC1ABED54EB0A15580985 /* Pods_FantasyGame.framework in Frameworks */ = {isa = PBXBuildFile; fileRef = E8D87F2C7AF119E8331C9365 /* Pods_FantasyGame.framework */; };
		F4010A4724C1535F0008A054 /* LXTRoleManager.swift in Sources */ = {isa = PBXBuildFile; fileRef = F4010A4624C1535F0008A054 /* LXTRoleManager.swift */; };
		F4010A4B24C154120008A054 /* LXTRoleController.swift in Sources */ = {isa = PBXBuildFile; fileRef = F4010A4A24C154120008A054 /* LXTRoleController.swift */; };
		F4010A4E24C17CE70008A054 /* LXTDateHelper.swift in Sources */ = {isa = PBXBuildFile; fileRef = F4010A4D24C17CE60008A054 /* LXTDateHelper.swift */; };
		F404131124BD60E700E918F8 /* LXTRoleModel.swift in Sources */ = {isa = PBXBuildFile; fileRef = F404131024BD60E700E918F8 /* LXTRoleModel.swift */; };
		F404131324BD615100E918F8 /* LXTHeroModel.swift in Sources */ = {isa = PBXBuildFile; fileRef = F404131224BD615100E918F8 /* LXTHeroModel.swift */; };
		F404131524BD616100E918F8 /* LXTMonsterModel.swift in Sources */ = {isa = PBXBuildFile; fileRef = F404131424BD616100E918F8 /* LXTMonsterModel.swift */; };
		F404131824BD62E900E918F8 /* LXTRoleView.swift in Sources */ = {isa = PBXBuildFile; fileRef = F404131724BD62E900E918F8 /* LXTRoleView.swift */; };
		F404131A24BD62FA00E918F8 /* LXTHeroView.swift in Sources */ = {isa = PBXBuildFile; fileRef = F404131924BD62FA00E918F8 /* LXTHeroView.swift */; };
		F404131C24BD630700E918F8 /* LXTMonsterView.swift in Sources */ = {isa = PBXBuildFile; fileRef = F404131B24BD630700E918F8 /* LXTMonsterView.swift */; };
		F404132024BD8C3900E918F8 /* LXTUserDefaultManager.swift in Sources */ = {isa = PBXBuildFile; fileRef = F404131F24BD8C3900E918F8 /* LXTUserDefaultManager.swift */; };
		F40DA89D24F8DD1E0018FF2B /* LXTFuncMenuView.swift in Sources */ = {isa = PBXBuildFile; fileRef = F40DA89C24F8DD1E0018FF2B /* LXTFuncMenuView.swift */; };
		F40F52A324C28F1C00FC95D9 /* LXTExpStripView.swift in Sources */ = {isa = PBXBuildFile; fileRef = F40F52A224C28F1C00FC95D9 /* LXTExpStripView.swift */; };
		F40F52A624C2E2A500FC95D9 /* LXTPackageController.swift in Sources */ = {isa = PBXBuildFile; fileRef = F40F52A524C2E2A500FC95D9 /* LXTPackageController.swift */; };
		F412885A25075EB1009ADDFE /* equipment.txt in Resources */ = {isa = PBXBuildFile; fileRef = F412885925075EB1009ADDFE /* equipment.txt */; };
		F412885C250769E8009ADDFE /* test.txt in Resources */ = {isa = PBXBuildFile; fileRef = F412885B250769E8009ADDFE /* test.txt */; };
		F412886025076F6F009ADDFE /* equipment.json in Resources */ = {isa = PBXBuildFile; fileRef = F412885F25076F6F009ADDFE /* equipment.json */; };
		F4128862250776CA009ADDFE /* skill.json in Resources */ = {isa = PBXBuildFile; fileRef = F4128861250776CA009ADDFE /* skill.json */; };
		F427C2BD24D3F5F300B365C3 /* LXTChooseSkillController.swift in Sources */ = {isa = PBXBuildFile; fileRef = F427C2BC24D3F5F300B365C3 /* LXTChooseSkillController.swift */; };
		F427C2BF24D3FAB100B365C3 /* LXTHeroSkillChooseCell.swift in Sources */ = {isa = PBXBuildFile; fileRef = F427C2BE24D3FAB100B365C3 /* LXTHeroSkillChooseCell.swift */; };
		F427C2C124D41EF300B365C3 /* LXTSkillItem.swift in Sources */ = {isa = PBXBuildFile; fileRef = F427C2C024D41EF300B365C3 /* LXTSkillItem.swift */; };
		F427C2C324D4200C00B365C3 /* LXTHeroSkillActivityCell.swift in Sources */ = {isa = PBXBuildFile; fileRef = F427C2C224D4200C00B365C3 /* LXTHeroSkillActivityCell.swift */; };
		F429868624CEAC070030C049 /* Table.txt in Resources */ = {isa = PBXBuildFile; fileRef = F429868524CEAC070030C049 /* Table.txt */; };
		F42C381F24C58B0600E1E6BC /* LXTTableSQliteHelper.swift in Sources */ = {isa = PBXBuildFile; fileRef = F42C381E24C58B0600E1E6BC /* LXTTableSQliteHelper.swift */; };
		F42F5EB024E27A4800ED739D /* LXTHeroSimpleInfoView.swift in Sources */ = {isa = PBXBuildFile; fileRef = F42F5EAF24E27A4800ED739D /* LXTHeroSimpleInfoView.swift */; };
		F42F5EB224E2926300ED739D /* LXTSimpleInfoCell.swift in Sources */ = {isa = PBXBuildFile; fileRef = F42F5EB124E2926300ED739D /* LXTSimpleInfoCell.swift */; };
		F43826B6253D70D300233903 /* LXTSectLibController.swift in Sources */ = {isa = PBXBuildFile; fileRef = F43826B5253D70D300233903 /* LXTSectLibController.swift */; };
		F43B8FA924D8001D0045E3E8 /* LXTAlertView.swift in Sources */ = {isa = PBXBuildFile; fileRef = F43B8FA824D8001D0045E3E8 /* LXTAlertView.swift */; };
		F43B8FAD24D810F40045E3E8 /* LXTEquipDBHelper.swift in Sources */ = {isa = PBXBuildFile; fileRef = F43B8FAC24D810F40045E3E8 /* LXTEquipDBHelper.swift */; };
		F43B8FAF24D8116E0045E3E8 /* LXTEquipModel.swift in Sources */ = {isa = PBXBuildFile; fileRef = F43B8FAE24D8116E0045E3E8 /* LXTEquipModel.swift */; };
		F44428B924C2F67300AAB68E /* LXTTrialAreaController.swift in Sources */ = {isa = PBXBuildFile; fileRef = F44428B824C2F67300AAB68E /* LXTTrialAreaController.swift */; };
		F4473E2E2536DC7F009C9248 /* LXTSectController.swift in Sources */ = {isa = PBXBuildFile; fileRef = F4473E2D2536DC7F009C9248 /* LXTSectController.swift */; };
		F4473E322536E5CB009C9248 /* LXTSectApplyController.swift in Sources */ = {isa = PBXBuildFile; fileRef = F4473E312536E5CB009C9248 /* LXTSectApplyController.swift */; };
		F4473E352536E653009C9248 /* LXTSectApplyCell.swift in Sources */ = {isa = PBXBuildFile; fileRef = F4473E342536E653009C9248 /* LXTSectApplyCell.swift */; };
		F44A452E24E53BCE00A31454 /* LXTUserEquipModel.swift in Sources */ = {isa = PBXBuildFile; fileRef = F44A452D24E53BCE00A31454 /* LXTUserEquipModel.swift */; };
		F44DF85F2559389F000F6B85 /* LXTMapCell.swift in Sources */ = {isa = PBXBuildFile; fileRef = F44DF85E2559389F000F6B85 /* LXTMapCell.swift */; };
		F44F48CA24E662A60083B36F /* LXTEquipChooseCell.swift in Sources */ = {isa = PBXBuildFile; fileRef = F44F48C924E662A60083B36F /* LXTEquipChooseCell.swift */; };
		F44F7AA724EE59C80066372C /* LXTCopyManager.swift in Sources */ = {isa = PBXBuildFile; fileRef = F44F7AA624EE59C80066372C /* LXTCopyManager.swift */; };
		F44F7AAB24EE63270066372C /* LXTTrialAreaCell.swift in Sources */ = {isa = PBXBuildFile; fileRef = F44F7AAA24EE63270066372C /* LXTTrialAreaCell.swift */; };
		F44F859524CFBE6400C931DB /* LXTBaseTableViewCell.swift in Sources */ = {isa = PBXBuildFile; fileRef = F44F859424CFBE6400C931DB /* LXTBaseTableViewCell.swift */; };
		F44F859824CFC47500C931DB /* LXTSkillLibCell.swift in Sources */ = {isa = PBXBuildFile; fileRef = F44F859724CFC47500C931DB /* LXTSkillLibCell.swift */; };
		F44F859B24CFCDBD00C931DB /* LXTUserModel.swift in Sources */ = {isa = PBXBuildFile; fileRef = F44F859A24CFCDBD00C931DB /* LXTUserModel.swift */; };
		F44F859D24CFCF0800C931DB /* LXTLoginController.swift in Sources */ = {isa = PBXBuildFile; fileRef = F44F859C24CFCF0800C931DB /* LXTLoginController.swift */; };
		F44F859F24CFD3E600C931DB /* LXTUserManager.swift in Sources */ = {isa = PBXBuildFile; fileRef = F44F859E24CFD3E600C931DB /* LXTUserManager.swift */; };
		F44F85A224CFF5FB00C931DB /* LXTGoodsModel.swift in Sources */ = {isa = PBXBuildFile; fileRef = F44F85A124CFF5FB00C931DB /* LXTGoodsModel.swift */; };
		F44F85A424D0097C00C931DB /* LXTBookModel.swift in Sources */ = {isa = PBXBuildFile; fileRef = F44F85A324D0097C00C931DB /* LXTBookModel.swift */; };
		F44F85A624D0202C00C931DB /* LXTGoodsSQliteHelper.swift in Sources */ = {isa = PBXBuildFile; fileRef = F44F85A524D0202C00C931DB /* LXTGoodsSQliteHelper.swift */; };
		F44F85A924D0269300C931DB /* LXTGoodsCell.swift in Sources */ = {isa = PBXBuildFile; fileRef = F44F85A824D0269300C931DB /* LXTGoodsCell.swift */; };
		F44F85AB24D02F3000C931DB /* LXTGoodsView.swift in Sources */ = {isa = PBXBuildFile; fileRef = F44F85AA24D02F3000C931DB /* LXTGoodsView.swift */; };
		F457720824E39D7F0062A5F3 /* LXTEquipCell.swift in Sources */ = {isa = PBXBuildFile; fileRef = F457720724E39D7F0062A5F3 /* LXTEquipCell.swift */; };
		F457720B24E3A0B00062A5F3 /* LXTEquipChooseController.swift in Sources */ = {isa = PBXBuildFile; fileRef = F457720A24E3A0B00062A5F3 /* LXTEquipChooseController.swift */; };
		F45C060725397030005A6B6E /* LXTSectModel.swift in Sources */ = {isa = PBXBuildFile; fileRef = F45C060625397030005A6B6E /* LXTSectModel.swift */; };
		F45C060925398E80005A6B6E /* LXTMemberController.swift in Sources */ = {isa = PBXBuildFile; fileRef = F45C060825398E80005A6B6E /* LXTMemberController.swift */; };
		F45C060B2539939B005A6B6E /* LXTViewHelper.swift in Sources */ = {isa = PBXBuildFile; fileRef = F45C060A2539939B005A6B6E /* LXTViewHelper.swift */; };
		F45C060D253999E5005A6B6E /* LXTMemberCell.swift in Sources */ = {isa = PBXBuildFile; fileRef = F45C060C253999E5005A6B6E /* LXTMemberCell.swift */; };
		F46463C324FCDB250056BD86 /* LXTMonsterDB.swift in Sources */ = {isa = PBXBuildFile; fileRef = F46463C224FCDB250056BD86 /* LXTMonsterDB.swift */; };
		F476398C24BD43AB00D906D4 /* AppDelegate.swift in Sources */ = {isa = PBXBuildFile; fileRef = F476398B24BD43AB00D906D4 /* AppDelegate.swift */; };
		F476398E24BD43AB00D906D4 /* SceneDelegate.swift in Sources */ = {isa = PBXBuildFile; fileRef = F476398D24BD43AB00D906D4 /* SceneDelegate.swift */; };
		F476399024BD43AB00D906D4 /* ViewController.swift in Sources */ = {isa = PBXBuildFile; fileRef = F476398F24BD43AB00D906D4 /* ViewController.swift */; };
		F476399324BD43AB00D906D4 /* Main.storyboard in Resources */ = {isa = PBXBuildFile; fileRef = F476399124BD43AB00D906D4 /* Main.storyboard */; };
		F476399524BD43AF00D906D4 /* Assets.xcassets in Resources */ = {isa = PBXBuildFile; fileRef = F476399424BD43AF00D906D4 /* Assets.xcassets */; };
		F476399824BD43AF00D906D4 /* LaunchScreen.storyboard in Resources */ = {isa = PBXBuildFile; fileRef = F476399624BD43AF00D906D4 /* LaunchScreen.storyboard */; };
		F47639A324BD43AF00D906D4 /* FantasyGameTests.swift in Sources */ = {isa = PBXBuildFile; fileRef = F47639A224BD43AF00D906D4 /* FantasyGameTests.swift */; };
		F47639AE24BD43AF00D906D4 /* FantasyGameUITests.swift in Sources */ = {isa = PBXBuildFile; fileRef = F47639AD24BD43AF00D906D4 /* FantasyGameUITests.swift */; };
		F47639BF24BD4A7700D906D4 /* ConstantDefine.swift in Sources */ = {isa = PBXBuildFile; fileRef = F47639BE24BD4A7700D906D4 /* ConstantDefine.swift */; };
		F47639C324BD4B7D00D906D4 /* LXTBaseController.swift in Sources */ = {isa = PBXBuildFile; fileRef = F47639C224BD4B7D00D906D4 /* LXTBaseController.swift */; };
		F47639C524BD4B9300D906D4 /* LXTBaseModel.swift in Sources */ = {isa = PBXBuildFile; fileRef = F47639C424BD4B9300D906D4 /* LXTBaseModel.swift */; };
		F47639C824BD4C1300D906D4 /* LXTHomeController.swift in Sources */ = {isa = PBXBuildFile; fileRef = F47639C724BD4C1300D906D4 /* LXTHomeController.swift */; };
		F47639CC24BD4DB700D906D4 /* LXTStripProgressView.swift in Sources */ = {isa = PBXBuildFile; fileRef = F47639CB24BD4DB700D906D4 /* LXTStripProgressView.swift */; };
		F4768BC324F8EC920042917A /* LXTStrongController.swift in Sources */ = {isa = PBXBuildFile; fileRef = F4768BC224F8EC920042917A /* LXTStrongController.swift */; };
		F4768BC524F8F43D0042917A /* LXTStrongChooseView.swift in Sources */ = {isa = PBXBuildFile; fileRef = F4768BC424F8F43D0042917A /* LXTStrongChooseView.swift */; };
		F476EC5324EA6207000978D2 /* LXTCopyListController.swift in Sources */ = {isa = PBXBuildFile; fileRef = F476EC5224EA6207000978D2 /* LXTCopyListController.swift */; };
		F476EC5624EA64B5000978D2 /* LXTCopyModel.swift in Sources */ = {isa = PBXBuildFile; fileRef = F476EC5524EA64B5000978D2 /* LXTCopyModel.swift */; };
		F476ED1224E12F1D00528517 /* LXTUserEquipDB.swift in Sources */ = {isa = PBXBuildFile; fileRef = F476ED1124E12F1D00528517 /* LXTUserEquipDB.swift */; };
		F476ED1424E1313700528517 /* LXTEquipShopController.swift in Sources */ = {isa = PBXBuildFile; fileRef = F476ED1324E1313700528517 /* LXTEquipShopController.swift */; };
		F476ED1724E133F400528517 /* LXTEquipShopCell.swift in Sources */ = {isa = PBXBuildFile; fileRef = F476ED1624E133F400528517 /* LXTEquipShopCell.swift */; };
		F492DEC0253EE65C00FB95B5 /* LXTBossController.swift in Sources */ = {isa = PBXBuildFile; fileRef = F492DEBF253EE65C00FB95B5 /* LXTBossController.swift */; };
		F49621C525402267006DC4B8 /* LXTForgeController.swift in Sources */ = {isa = PBXBuildFile; fileRef = F49621C425402267006DC4B8 /* LXTForgeController.swift */; };
		F4A6516D255677710017DE56 /* LXTSchemeModel.swift in Sources */ = {isa = PBXBuildFile; fileRef = F4A6516C255677710017DE56 /* LXTSchemeModel.swift */; };
		F4A6517325567A760017DE56 /* Scheme.json in Resources */ = {isa = PBXBuildFile; fileRef = F4A6517225567A760017DE56 /* Scheme.json */; };
		F4B5517A24D1648100C9E6D6 /* LXTHeroTableHelper.swift in Sources */ = {isa = PBXBuildFile; fileRef = F4B5517924D1648100C9E6D6 /* LXTHeroTableHelper.swift */; };
		F4C39AE824D2A4CB00E1EF5E /* LXTHeroSkillDBHelper.swift in Sources */ = {isa = PBXBuildFile; fileRef = F4C39AE724D2A4CB00E1EF5E /* LXTHeroSkillDBHelper.swift */; };
		F4C39AEB24D2A58600E1EF5E /* LXTHeroSkillModel.swift in Sources */ = {isa = PBXBuildFile; fileRef = F4C39AEA24D2A58600E1EF5E /* LXTHeroSkillModel.swift */; };
		F4C39AED24D2BCAA00E1EF5E /* LXTStudySkillController.swift in Sources */ = {isa = PBXBuildFile; fileRef = F4C39AEC24D2BCAA00E1EF5E /* LXTStudySkillController.swift */; };
		F4D9FAB224BE97B400EF594B /* README.md in Resources */ = {isa = PBXBuildFile; fileRef = F4D9FAB124BE97B400EF594B /* README.md */; };
		F4D9FAB424BEA0BA00EF594B /* LXTTabBarController.swift in Sources */ = {isa = PBXBuildFile; fileRef = F4D9FAB324BEA0BA00EF594B /* LXTTabBarController.swift */; };
		F4D9FAB624BEA3D800EF594B /* LXTMapController.swift in Sources */ = {isa = PBXBuildFile; fileRef = F4D9FAB524BEA3D800EF594B /* LXTMapController.swift */; };
		F4E4393D24EFC3EC00DB7847 /* LXTCopyCell.swift in Sources */ = {isa = PBXBuildFile; fileRef = F4E4393C24EFC3EC00DB7847 /* LXTCopyCell.swift */; };
		F4EBF1AB2502239500749135 /* Equipment.plist in Resources */ = {isa = PBXBuildFile; fileRef = F4EBF1AA2502239500749135 /* Equipment.plist */; };
		F4EBF1AF25022F6700749135 /* LXTReadFileHelper.swift in Sources */ = {isa = PBXBuildFile; fileRef = F4EBF1AE25022F6700749135 /* LXTReadFileHelper.swift */; };
		F4EE0C08254960C300F22812 /* LXTSchemeDB.swift in Sources */ = {isa = PBXBuildFile; fileRef = F4EE0C07254960C300F22812 /* LXTSchemeDB.swift */; };
		F4F33D9324CECD5400B7AF94 /* LXTSkillTableHelper.swift in Sources */ = {isa = PBXBuildFile; fileRef = F4F33D9224CECD5400B7AF94 /* LXTSkillTableHelper.swift */; };
		F4F33D9A24CECE8A00B7AF94 /* LXTSikllLibController.swift in Sources */ = {isa = PBXBuildFile; fileRef = F4F33D9924CECE8A00B7AF94 /* LXTSikllLibController.swift */; };
		F4F33D9D24CECF4100B7AF94 /* LXTSkillModel.swift in Sources */ = {isa = PBXBuildFile; fileRef = F4F33D9C24CECF4100B7AF94 /* LXTSkillModel.swift */; };
		F4F33DA024CED9E800B7AF94 /* LXTHeroSkillCell.swift in Sources */ = {isa = PBXBuildFile; fileRef = F4F33D9F24CED9E800B7AF94 /* LXTHeroSkillCell.swift */; };
		F4F33DA224CEDC6400B7AF94 /* LXTHeroSkillTableCell.swift in Sources */ = {isa = PBXBuildFile; fileRef = F4F33DA124CEDC6400B7AF94 /* LXTHeroSkillTableCell.swift */; };
		F4FE7A2F24F79D5500E080AD /* LXTStringHelper.swift in Sources */ = {isa = PBXBuildFile; fileRef = F4FE7A2E24F79D5500E080AD /* LXTStringHelper.swift */; };
/* End PBXBuildFile section */

/* Begin PBXContainerItemProxy section */
		F476399F24BD43AF00D906D4 /* PBXContainerItemProxy */ = {
			isa = PBXContainerItemProxy;
			containerPortal = F476398024BD43AB00D906D4 /* Project object */;
			proxyType = 1;
			remoteGlobalIDString = F476398724BD43AB00D906D4;
			remoteInfo = FantasyGame;
		};
		F47639AA24BD43AF00D906D4 /* PBXContainerItemProxy */ = {
			isa = PBXContainerItemProxy;
			containerPortal = F476398024BD43AB00D906D4 /* Project object */;
			proxyType = 1;
			remoteGlobalIDString = F476398724BD43AB00D906D4;
			remoteInfo = FantasyGame;
		};
/* End PBXContainerItemProxy section */

/* Begin PBXFileReference section */
		4AFF461CC014FC502A3864D3 /* Pods-FantasyGame.release.xcconfig */ = {isa = PBXFileReference; includeInIndex = 1; lastKnownFileType = text.xcconfig; name = "Pods-FantasyGame.release.xcconfig"; path = "Target Support Files/Pods-FantasyGame/Pods-FantasyGame.release.xcconfig"; sourceTree = "<group>"; };
		D7E8344E7F71C4F39B6F8F28 /* Pods-FantasyGame.debug.xcconfig */ = {isa = PBXFileReference; includeInIndex = 1; lastKnownFileType = text.xcconfig; name = "Pods-FantasyGame.debug.xcconfig"; path = "Target Support Files/Pods-FantasyGame/Pods-FantasyGame.debug.xcconfig"; sourceTree = "<group>"; };
		E8D87F2C7AF119E8331C9365 /* Pods_FantasyGame.framework */ = {isa = PBXFileReference; explicitFileType = wrapper.framework; includeInIndex = 0; path = Pods_FantasyGame.framework; sourceTree = BUILT_PRODUCTS_DIR; };
		F4010A4624C1535F0008A054 /* LXTRoleManager.swift */ = {isa = PBXFileReference; lastKnownFileType = sourcecode.swift; path = LXTRoleManager.swift; sourceTree = "<group>"; };
		F4010A4A24C154120008A054 /* LXTRoleController.swift */ = {isa = PBXFileReference; lastKnownFileType = sourcecode.swift; path = LXTRoleController.swift; sourceTree = "<group>"; };
		F4010A4D24C17CE60008A054 /* LXTDateHelper.swift */ = {isa = PBXFileReference; lastKnownFileType = sourcecode.swift; path = LXTDateHelper.swift; sourceTree = "<group>"; };
		F404131024BD60E700E918F8 /* LXTRoleModel.swift */ = {isa = PBXFileReference; lastKnownFileType = sourcecode.swift; path = LXTRoleModel.swift; sourceTree = "<group>"; };
		F404131224BD615100E918F8 /* LXTHeroModel.swift */ = {isa = PBXFileReference; lastKnownFileType = sourcecode.swift; path = LXTHeroModel.swift; sourceTree = "<group>"; };
		F404131424BD616100E918F8 /* LXTMonsterModel.swift */ = {isa = PBXFileReference; lastKnownFileType = sourcecode.swift; path = LXTMonsterModel.swift; sourceTree = "<group>"; };
		F404131724BD62E900E918F8 /* LXTRoleView.swift */ = {isa = PBXFileReference; lastKnownFileType = sourcecode.swift; path = LXTRoleView.swift; sourceTree = "<group>"; };
		F404131924BD62FA00E918F8 /* LXTHeroView.swift */ = {isa = PBXFileReference; lastKnownFileType = sourcecode.swift; path = LXTHeroView.swift; sourceTree = "<group>"; };
		F404131B24BD630700E918F8 /* LXTMonsterView.swift */ = {isa = PBXFileReference; lastKnownFileType = sourcecode.swift; path = LXTMonsterView.swift; sourceTree = "<group>"; };
		F404131F24BD8C3900E918F8 /* LXTUserDefaultManager.swift */ = {isa = PBXFileReference; lastKnownFileType = sourcecode.swift; path = LXTUserDefaultManager.swift; sourceTree = "<group>"; };
		F40DA89C24F8DD1E0018FF2B /* LXTFuncMenuView.swift */ = {isa = PBXFileReference; lastKnownFileType = sourcecode.swift; path = LXTFuncMenuView.swift; sourceTree = "<group>"; };
		F40F52A224C28F1C00FC95D9 /* LXTExpStripView.swift */ = {isa = PBXFileReference; lastKnownFileType = sourcecode.swift; path = LXTExpStripView.swift; sourceTree = "<group>"; };
		F40F52A524C2E2A500FC95D9 /* LXTPackageController.swift */ = {isa = PBXFileReference; lastKnownFileType = sourcecode.swift; path = LXTPackageController.swift; sourceTree = "<group>"; };
		F412885925075EB1009ADDFE /* equipment.txt */ = {isa = PBXFileReference; fileEncoding = 4; lastKnownFileType = text; path = equipment.txt; sourceTree = "<group>"; };
		F412885B250769E8009ADDFE /* test.txt */ = {isa = PBXFileReference; fileEncoding = 4; lastKnownFileType = text; path = test.txt; sourceTree = "<group>"; };
		F412885F25076F6F009ADDFE /* equipment.json */ = {isa = PBXFileReference; fileEncoding = 4; lastKnownFileType = text.json; path = equipment.json; sourceTree = "<group>"; };
		F4128861250776CA009ADDFE /* skill.json */ = {isa = PBXFileReference; fileEncoding = 4; lastKnownFileType = text.json; path = skill.json; sourceTree = "<group>"; };
		F427C2BC24D3F5F300B365C3 /* LXTChooseSkillController.swift */ = {isa = PBXFileReference; lastKnownFileType = sourcecode.swift; path = LXTChooseSkillController.swift; sourceTree = "<group>"; };
		F427C2BE24D3FAB100B365C3 /* LXTHeroSkillChooseCell.swift */ = {isa = PBXFileReference; lastKnownFileType = sourcecode.swift; path = LXTHeroSkillChooseCell.swift; sourceTree = "<group>"; };
		F427C2C024D41EF300B365C3 /* LXTSkillItem.swift */ = {isa = PBXFileReference; lastKnownFileType = sourcecode.swift; path = LXTSkillItem.swift; sourceTree = "<group>"; };
		F427C2C224D4200C00B365C3 /* LXTHeroSkillActivityCell.swift */ = {isa = PBXFileReference; lastKnownFileType = sourcecode.swift; path = LXTHeroSkillActivityCell.swift; sourceTree = "<group>"; };
		F429868524CEAC070030C049 /* Table.txt */ = {isa = PBXFileReference; fileEncoding = 4; lastKnownFileType = text; path = Table.txt; sourceTree = "<group>"; };
		F42C381E24C58B0600E1E6BC /* LXTTableSQliteHelper.swift */ = {isa = PBXFileReference; lastKnownFileType = sourcecode.swift; path = LXTTableSQliteHelper.swift; sourceTree = "<group>"; };
		F42F5EAF24E27A4800ED739D /* LXTHeroSimpleInfoView.swift */ = {isa = PBXFileReference; lastKnownFileType = sourcecode.swift; path = LXTHeroSimpleInfoView.swift; sourceTree = "<group>"; };
		F42F5EB124E2926300ED739D /* LXTSimpleInfoCell.swift */ = {isa = PBXFileReference; lastKnownFileType = sourcecode.swift; path = LXTSimpleInfoCell.swift; sourceTree = "<group>"; };
		F43826B5253D70D300233903 /* LXTSectLibController.swift */ = {isa = PBXFileReference; lastKnownFileType = sourcecode.swift; path = LXTSectLibController.swift; sourceTree = "<group>"; };
		F43B8FA824D8001D0045E3E8 /* LXTAlertView.swift */ = {isa = PBXFileReference; lastKnownFileType = sourcecode.swift; path = LXTAlertView.swift; sourceTree = "<group>"; };
		F43B8FAC24D810F40045E3E8 /* LXTEquipDBHelper.swift */ = {isa = PBXFileReference; lastKnownFileType = sourcecode.swift; path = LXTEquipDBHelper.swift; sourceTree = "<group>"; };
		F43B8FAE24D8116E0045E3E8 /* LXTEquipModel.swift */ = {isa = PBXFileReference; lastKnownFileType = sourcecode.swift; path = LXTEquipModel.swift; sourceTree = "<group>"; };
		F44428B824C2F67300AAB68E /* LXTTrialAreaController.swift */ = {isa = PBXFileReference; lastKnownFileType = sourcecode.swift; path = LXTTrialAreaController.swift; sourceTree = "<group>"; };
		F4473E2D2536DC7F009C9248 /* LXTSectController.swift */ = {isa = PBXFileReference; lastKnownFileType = sourcecode.swift; name = LXTSectController.swift; path = FantasyGame/Class/Home/Controller/LXTSectController.swift; sourceTree = SOURCE_ROOT; };
		F4473E312536E5CB009C9248 /* LXTSectApplyController.swift */ = {isa = PBXFileReference; lastKnownFileType = sourcecode.swift; path = LXTSectApplyController.swift; sourceTree = "<group>"; };
		F4473E342536E653009C9248 /* LXTSectApplyCell.swift */ = {isa = PBXFileReference; lastKnownFileType = sourcecode.swift; path = LXTSectApplyCell.swift; sourceTree = "<group>"; };
		F44A452D24E53BCE00A31454 /* LXTUserEquipModel.swift */ = {isa = PBXFileReference; lastKnownFileType = sourcecode.swift; path = LXTUserEquipModel.swift; sourceTree = "<group>"; };
		F44DF85E2559389F000F6B85 /* LXTMapCell.swift */ = {isa = PBXFileReference; lastKnownFileType = sourcecode.swift; path = LXTMapCell.swift; sourceTree = "<group>"; };
		F44F48C924E662A60083B36F /* LXTEquipChooseCell.swift */ = {isa = PBXFileReference; lastKnownFileType = sourcecode.swift; path = LXTEquipChooseCell.swift; sourceTree = "<group>"; };
		F44F7AA624EE59C80066372C /* LXTCopyManager.swift */ = {isa = PBXFileReference; lastKnownFileType = sourcecode.swift; path = LXTCopyManager.swift; sourceTree = "<group>"; };
		F44F7AAA24EE63270066372C /* LXTTrialAreaCell.swift */ = {isa = PBXFileReference; lastKnownFileType = sourcecode.swift; path = LXTTrialAreaCell.swift; sourceTree = "<group>"; };
		F44F859424CFBE6400C931DB /* LXTBaseTableViewCell.swift */ = {isa = PBXFileReference; lastKnownFileType = sourcecode.swift; path = LXTBaseTableViewCell.swift; sourceTree = "<group>"; };
		F44F859724CFC47500C931DB /* LXTSkillLibCell.swift */ = {isa = PBXFileReference; lastKnownFileType = sourcecode.swift; path = LXTSkillLibCell.swift; sourceTree = "<group>"; };
		F44F859A24CFCDBD00C931DB /* LXTUserModel.swift */ = {isa = PBXFileReference; lastKnownFileType = sourcecode.swift; path = LXTUserModel.swift; sourceTree = "<group>"; };
		F44F859C24CFCF0800C931DB /* LXTLoginController.swift */ = {isa = PBXFileReference; lastKnownFileType = sourcecode.swift; path = LXTLoginController.swift; sourceTree = "<group>"; };
		F44F859E24CFD3E600C931DB /* LXTUserManager.swift */ = {isa = PBXFileReference; lastKnownFileType = sourcecode.swift; path = LXTUserManager.swift; sourceTree = "<group>"; };
		F44F85A124CFF5FB00C931DB /* LXTGoodsModel.swift */ = {isa = PBXFileReference; lastKnownFileType = sourcecode.swift; path = LXTGoodsModel.swift; sourceTree = "<group>"; };
		F44F85A324D0097C00C931DB /* LXTBookModel.swift */ = {isa = PBXFileReference; lastKnownFileType = sourcecode.swift; path = LXTBookModel.swift; sourceTree = "<group>"; };
		F44F85A524D0202C00C931DB /* LXTGoodsSQliteHelper.swift */ = {isa = PBXFileReference; lastKnownFileType = sourcecode.swift; path = LXTGoodsSQliteHelper.swift; sourceTree = "<group>"; };
		F44F85A824D0269300C931DB /* LXTGoodsCell.swift */ = {isa = PBXFileReference; lastKnownFileType = sourcecode.swift; path = LXTGoodsCell.swift; sourceTree = "<group>"; };
		F44F85AA24D02F3000C931DB /* LXTGoodsView.swift */ = {isa = PBXFileReference; lastKnownFileType = sourcecode.swift; path = LXTGoodsView.swift; sourceTree = "<group>"; };
		F457720724E39D7F0062A5F3 /* LXTEquipCell.swift */ = {isa = PBXFileReference; lastKnownFileType = sourcecode.swift; path = LXTEquipCell.swift; sourceTree = "<group>"; };
		F457720A24E3A0B00062A5F3 /* LXTEquipChooseController.swift */ = {isa = PBXFileReference; lastKnownFileType = sourcecode.swift; path = LXTEquipChooseController.swift; sourceTree = "<group>"; };
		F45C060625397030005A6B6E /* LXTSectModel.swift */ = {isa = PBXFileReference; lastKnownFileType = sourcecode.swift; path = LXTSectModel.swift; sourceTree = "<group>"; };
		F45C060825398E80005A6B6E /* LXTMemberController.swift */ = {isa = PBXFileReference; lastKnownFileType = sourcecode.swift; path = LXTMemberController.swift; sourceTree = "<group>"; };
		F45C060A2539939B005A6B6E /* LXTViewHelper.swift */ = {isa = PBXFileReference; lastKnownFileType = sourcecode.swift; path = LXTViewHelper.swift; sourceTree = "<group>"; };
		F45C060C253999E5005A6B6E /* LXTMemberCell.swift */ = {isa = PBXFileReference; lastKnownFileType = sourcecode.swift; path = LXTMemberCell.swift; sourceTree = "<group>"; };
		F46463C224FCDB250056BD86 /* LXTMonsterDB.swift */ = {isa = PBXFileReference; lastKnownFileType = sourcecode.swift; path = LXTMonsterDB.swift; sourceTree = "<group>"; };
		F476398824BD43AB00D906D4 /* FantasyGame.app */ = {isa = PBXFileReference; explicitFileType = wrapper.application; includeInIndex = 0; path = FantasyGame.app; sourceTree = BUILT_PRODUCTS_DIR; };
		F476398B24BD43AB00D906D4 /* AppDelegate.swift */ = {isa = PBXFileReference; lastKnownFileType = sourcecode.swift; path = AppDelegate.swift; sourceTree = "<group>"; };
		F476398D24BD43AB00D906D4 /* SceneDelegate.swift */ = {isa = PBXFileReference; lastKnownFileType = sourcecode.swift; path = SceneDelegate.swift; sourceTree = "<group>"; };
		F476398F24BD43AB00D906D4 /* ViewController.swift */ = {isa = PBXFileReference; lastKnownFileType = sourcecode.swift; path = ViewController.swift; sourceTree = "<group>"; };
		F476399224BD43AB00D906D4 /* Base */ = {isa = PBXFileReference; lastKnownFileType = file.storyboard; name = Base; path = Base.lproj/Main.storyboard; sourceTree = "<group>"; };
		F476399424BD43AF00D906D4 /* Assets.xcassets */ = {isa = PBXFileReference; lastKnownFileType = folder.assetcatalog; path = Assets.xcassets; sourceTree = "<group>"; };
		F476399724BD43AF00D906D4 /* Base */ = {isa = PBXFileReference; lastKnownFileType = file.storyboard; name = Base; path = Base.lproj/LaunchScreen.storyboard; sourceTree = "<group>"; };
		F476399924BD43AF00D906D4 /* Info.plist */ = {isa = PBXFileReference; lastKnownFileType = text.plist.xml; path = Info.plist; sourceTree = "<group>"; };
		F476399E24BD43AF00D906D4 /* FantasyGameTests.xctest */ = {isa = PBXFileReference; explicitFileType = wrapper.cfbundle; includeInIndex = 0; path = FantasyGameTests.xctest; sourceTree = BUILT_PRODUCTS_DIR; };
		F47639A224BD43AF00D906D4 /* FantasyGameTests.swift */ = {isa = PBXFileReference; lastKnownFileType = sourcecode.swift; path = FantasyGameTests.swift; sourceTree = "<group>"; };
		F47639A424BD43AF00D906D4 /* Info.plist */ = {isa = PBXFileReference; lastKnownFileType = text.plist.xml; path = Info.plist; sourceTree = "<group>"; };
		F47639A924BD43AF00D906D4 /* FantasyGameUITests.xctest */ = {isa = PBXFileReference; explicitFileType = wrapper.cfbundle; includeInIndex = 0; path = FantasyGameUITests.xctest; sourceTree = BUILT_PRODUCTS_DIR; };
		F47639AD24BD43AF00D906D4 /* FantasyGameUITests.swift */ = {isa = PBXFileReference; lastKnownFileType = sourcecode.swift; path = FantasyGameUITests.swift; sourceTree = "<group>"; };
		F47639AF24BD43AF00D906D4 /* Info.plist */ = {isa = PBXFileReference; lastKnownFileType = text.plist.xml; path = Info.plist; sourceTree = "<group>"; };
		F47639BE24BD4A7700D906D4 /* ConstantDefine.swift */ = {isa = PBXFileReference; lastKnownFileType = sourcecode.swift; path = ConstantDefine.swift; sourceTree = "<group>"; };
		F47639C224BD4B7D00D906D4 /* LXTBaseController.swift */ = {isa = PBXFileReference; lastKnownFileType = sourcecode.swift; path = LXTBaseController.swift; sourceTree = "<group>"; };
		F47639C424BD4B9300D906D4 /* LXTBaseModel.swift */ = {isa = PBXFileReference; lastKnownFileType = sourcecode.swift; path = LXTBaseModel.swift; sourceTree = "<group>"; };
		F47639C724BD4C1300D906D4 /* LXTHomeController.swift */ = {isa = PBXFileReference; lastKnownFileType = sourcecode.swift; path = LXTHomeController.swift; sourceTree = "<group>"; };
		F47639CB24BD4DB700D906D4 /* LXTStripProgressView.swift */ = {isa = PBXFileReference; lastKnownFileType = sourcecode.swift; path = LXTStripProgressView.swift; sourceTree = "<group>"; };
		F4768BC224F8EC920042917A /* LXTStrongController.swift */ = {isa = PBXFileReference; lastKnownFileType = sourcecode.swift; path = LXTStrongController.swift; sourceTree = "<group>"; };
		F4768BC424F8F43D0042917A /* LXTStrongChooseView.swift */ = {isa = PBXFileReference; lastKnownFileType = sourcecode.swift; path = LXTStrongChooseView.swift; sourceTree = "<group>"; };
		F476EC5224EA6207000978D2 /* LXTCopyListController.swift */ = {isa = PBXFileReference; lastKnownFileType = sourcecode.swift; path = LXTCopyListController.swift; sourceTree = "<group>"; };
		F476EC5524EA64B5000978D2 /* LXTCopyModel.swift */ = {isa = PBXFileReference; lastKnownFileType = sourcecode.swift; path = LXTCopyModel.swift; sourceTree = "<group>"; };
		F476ED1124E12F1D00528517 /* LXTUserEquipDB.swift */ = {isa = PBXFileReference; lastKnownFileType = sourcecode.swift; path = LXTUserEquipDB.swift; sourceTree = "<group>"; };
		F476ED1324E1313700528517 /* LXTEquipShopController.swift */ = {isa = PBXFileReference; lastKnownFileType = sourcecode.swift; path = LXTEquipShopController.swift; sourceTree = "<group>"; };
		F476ED1624E133F400528517 /* LXTEquipShopCell.swift */ = {isa = PBXFileReference; lastKnownFileType = sourcecode.swift; path = LXTEquipShopCell.swift; sourceTree = "<group>"; };
		F492DEBF253EE65C00FB95B5 /* LXTBossController.swift */ = {isa = PBXFileReference; lastKnownFileType = sourcecode.swift; path = LXTBossController.swift; sourceTree = "<group>"; };
		F49621C425402267006DC4B8 /* LXTForgeController.swift */ = {isa = PBXFileReference; lastKnownFileType = sourcecode.swift; path = LXTForgeController.swift; sourceTree = "<group>"; };
		F4A6516C255677710017DE56 /* LXTSchemeModel.swift */ = {isa = PBXFileReference; lastKnownFileType = sourcecode.swift; path = LXTSchemeModel.swift; sourceTree = "<group>"; };
		F4A6517225567A760017DE56 /* Scheme.json */ = {isa = PBXFileReference; lastKnownFileType = text.json; path = Scheme.json; sourceTree = "<group>"; };
		F4B5517924D1648100C9E6D6 /* LXTHeroTableHelper.swift */ = {isa = PBXFileReference; lastKnownFileType = sourcecode.swift; path = LXTHeroTableHelper.swift; sourceTree = "<group>"; };
		F4C39AE724D2A4CB00E1EF5E /* LXTHeroSkillDBHelper.swift */ = {isa = PBXFileReference; lastKnownFileType = sourcecode.swift; path = LXTHeroSkillDBHelper.swift; sourceTree = "<group>"; };
		F4C39AEA24D2A58600E1EF5E /* LXTHeroSkillModel.swift */ = {isa = PBXFileReference; lastKnownFileType = sourcecode.swift; path = LXTHeroSkillModel.swift; sourceTree = "<group>"; };
		F4C39AEC24D2BCAA00E1EF5E /* LXTStudySkillController.swift */ = {isa = PBXFileReference; lastKnownFileType = sourcecode.swift; path = LXTStudySkillController.swift; sourceTree = "<group>"; };
		F4D9FAB124BE97B400EF594B /* README.md */ = {isa = PBXFileReference; fileEncoding = 4; lastKnownFileType = net.daringfireball.markdown; path = README.md; sourceTree = SOURCE_ROOT; };
		F4D9FAB324BEA0BA00EF594B /* LXTTabBarController.swift */ = {isa = PBXFileReference; lastKnownFileType = sourcecode.swift; path = LXTTabBarController.swift; sourceTree = "<group>"; };
		F4D9FAB524BEA3D800EF594B /* LXTMapController.swift */ = {isa = PBXFileReference; lastKnownFileType = sourcecode.swift; path = LXTMapController.swift; sourceTree = "<group>"; };
		F4E4393C24EFC3EC00DB7847 /* LXTCopyCell.swift */ = {isa = PBXFileReference; lastKnownFileType = sourcecode.swift; path = LXTCopyCell.swift; sourceTree = "<group>"; };
		F4EBF1AA2502239500749135 /* Equipment.plist */ = {isa = PBXFileReference; lastKnownFileType = text.plist.xml; path = Equipment.plist; sourceTree = "<group>"; };
		F4EBF1AE25022F6700749135 /* LXTReadFileHelper.swift */ = {isa = PBXFileReference; lastKnownFileType = sourcecode.swift; path = LXTReadFileHelper.swift; sourceTree = "<group>"; };
		F4EE0C07254960C300F22812 /* LXTSchemeDB.swift */ = {isa = PBXFileReference; lastKnownFileType = sourcecode.swift; path = LXTSchemeDB.swift; sourceTree = "<group>"; };
		F4F33D9224CECD5400B7AF94 /* LXTSkillTableHelper.swift */ = {isa = PBXFileReference; lastKnownFileType = sourcecode.swift; path = LXTSkillTableHelper.swift; sourceTree = "<group>"; };
		F4F33D9924CECE8A00B7AF94 /* LXTSikllLibController.swift */ = {isa = PBXFileReference; lastKnownFileType = sourcecode.swift; path = LXTSikllLibController.swift; sourceTree = "<group>"; };
		F4F33D9C24CECF4100B7AF94 /* LXTSkillModel.swift */ = {isa = PBXFileReference; lastKnownFileType = sourcecode.swift; path = LXTSkillModel.swift; sourceTree = "<group>"; };
		F4F33D9F24CED9E800B7AF94 /* LXTHeroSkillCell.swift */ = {isa = PBXFileReference; lastKnownFileType = sourcecode.swift; path = LXTHeroSkillCell.swift; sourceTree = "<group>"; };
		F4F33DA124CEDC6400B7AF94 /* LXTHeroSkillTableCell.swift */ = {isa = PBXFileReference; lastKnownFileType = sourcecode.swift; path = LXTHeroSkillTableCell.swift; sourceTree = "<group>"; };
		F4FE7A2E24F79D5500E080AD /* LXTStringHelper.swift */ = {isa = PBXFileReference; lastKnownFileType = sourcecode.swift; path = LXTStringHelper.swift; sourceTree = "<group>"; };
/* End PBXFileReference section */

/* Begin PBXFrameworksBuildPhase section */
		F476398524BD43AB00D906D4 /* Frameworks */ = {
			isa = PBXFrameworksBuildPhase;
			buildActionMask = 2147483647;
			files = (
				E27FC1ABED54EB0A15580985 /* Pods_FantasyGame.framework in Frameworks */,
			);
			runOnlyForDeploymentPostprocessing = 0;
		};
		F476399B24BD43AF00D906D4 /* Frameworks */ = {
			isa = PBXFrameworksBuildPhase;
			buildActionMask = 2147483647;
			files = (
			);
			runOnlyForDeploymentPostprocessing = 0;
		};
		F47639A624BD43AF00D906D4 /* Frameworks */ = {
			isa = PBXFrameworksBuildPhase;
			buildActionMask = 2147483647;
			files = (
			);
			runOnlyForDeploymentPostprocessing = 0;
		};
/* End PBXFrameworksBuildPhase section */

/* Begin PBXGroup section */
		024D7D4BFF93CAEF9A1031F1 /* Frameworks */ = {
			isa = PBXGroup;
			children = (
				E8D87F2C7AF119E8331C9365 /* Pods_FantasyGame.framework */,
			);
			name = Frameworks;
			sourceTree = "<group>";
		};
		B616B7581132789BF0D6D603 /* Pods */ = {
			isa = PBXGroup;
			children = (
				D7E8344E7F71C4F39B6F8F28 /* Pods-FantasyGame.debug.xcconfig */,
				4AFF461CC014FC502A3864D3 /* Pods-FantasyGame.release.xcconfig */,
			);
			path = Pods;
			sourceTree = "<group>";
		};
		F4010A4824C153930008A054 /* Role */ = {
			isa = PBXGroup;
			children = (
				F4C39AE924D2A53F00E1EF5E /* Model */,
				F4F33D9E24CED9BD00B7AF94 /* View */,
				F4010A4924C1539D0008A054 /* Controller */,
			);
			path = Role;
			sourceTree = "<group>";
		};
		F4010A4924C1539D0008A054 /* Controller */ = {
			isa = PBXGroup;
			children = (
				F457720924E3A0870062A5F3 /* New Group */,
				F4010A4A24C154120008A054 /* LXTRoleController.swift */,
				F457720A24E3A0B00062A5F3 /* LXTEquipChooseController.swift */,
				F4C39AEC24D2BCAA00E1EF5E /* LXTStudySkillController.swift */,
				F427C2BC24D3F5F300B365C3 /* LXTChooseSkillController.swift */,
			);
			path = Controller;
			sourceTree = "<group>";
		};
		F4010A4C24C17CB30008A054 /* Helper */ = {
			isa = PBXGroup;
			children = (
				F4010A4D24C17CE60008A054 /* LXTDateHelper.swift */,
				F4FE7A2E24F79D5500E080AD /* LXTStringHelper.swift */,
				F4EBF1AE25022F6700749135 /* LXTReadFileHelper.swift */,
			);
			path = Helper;
			sourceTree = "<group>";
		};
		F404130F24BD60D100E918F8 /* Model */ = {
			isa = PBXGroup;
			children = (
				F476ED0E24E0E61300528517 /* Equip */,
				F4F33D9B24CECF2200B7AF94 /* SkillLib */,
				F404131024BD60E700E918F8 /* LXTRoleModel.swift */,
				F404131224BD615100E918F8 /* LXTHeroModel.swift */,
				F404131424BD616100E918F8 /* LXTMonsterModel.swift */,
				F4010A4624C1535F0008A054 /* LXTRoleManager.swift */,
				F43B8FAE24D8116E0045E3E8 /* LXTEquipModel.swift */,
				F44A452D24E53BCE00A31454 /* LXTUserEquipModel.swift */,
				F45C060625397030005A6B6E /* LXTSectModel.swift */,
				F4A6516C255677710017DE56 /* LXTSchemeModel.swift */,
			);
			path = Model;
			sourceTree = "<group>";
		};
		F404131624BD62C000E918F8 /* View */ = {
			isa = PBXGroup;
			children = (
				F4473E332536E62E009C9248 /* Sect */,
				F476ED1524E133A900528517 /* Equip */,
				F44F859624CFC43100C931DB /* SkillLib */,
				F404131724BD62E900E918F8 /* LXTRoleView.swift */,
				F404131924BD62FA00E918F8 /* LXTHeroView.swift */,
				F404131B24BD630700E918F8 /* LXTMonsterView.swift */,
				F40F52A224C28F1C00FC95D9 /* LXTExpStripView.swift */,
				F40DA89C24F8DD1E0018FF2B /* LXTFuncMenuView.swift */,
				F4768BC424F8F43D0042917A /* LXTStrongChooseView.swift */,
				F44DF85E2559389F000F6B85 /* LXTMapCell.swift */,
			);
			path = View;
			sourceTree = "<group>";
		};
		F404131E24BD8C1C00E918F8 /* Manager */ = {
			isa = PBXGroup;
			children = (
				F404131F24BD8C3900E918F8 /* LXTUserDefaultManager.swift */,
			);
			path = Manager;
			sourceTree = "<group>";
		};
		F40F52A424C2D87E00FC95D9 /* Package */ = {
			isa = PBXGroup;
			children = (
				F44F85A724D0267500C931DB /* View */,
				F44F85A024CFF5BD00C931DB /* Model */,
				F40F52A724C2E2C500FC95D9 /* Controller */,
			);
			path = Package;
			sourceTree = "<group>";
		};
		F40F52A724C2E2C500FC95D9 /* Controller */ = {
			isa = PBXGroup;
			children = (
				F40F52A524C2E2A500FC95D9 /* LXTPackageController.swift */,
			);
			path = Controller;
			sourceTree = "<group>";
		};
		F429868324CEABC60030C049 /* Sources */ = {
			isa = PBXGroup;
			children = (
				F429868424CEABE30030C049 /* Table */,
			);
			path = Sources;
			sourceTree = "<group>";
		};
		F429868424CEABE30030C049 /* Table */ = {
			isa = PBXGroup;
			children = (
				F412885B250769E8009ADDFE /* test.txt */,
				F429868524CEAC070030C049 /* Table.txt */,
				F412885925075EB1009ADDFE /* equipment.txt */,
				F412885F25076F6F009ADDFE /* equipment.json */,
				F4128861250776CA009ADDFE /* skill.json */,
				F4A6517225567A760017DE56 /* Scheme.json */,
			);
			path = Table;
			sourceTree = "<group>";
		};
		F42C381D24C58AD100E1E6BC /* SQliteHelper */ = {
			isa = PBXGroup;
			children = (
				F42C381E24C58B0600E1E6BC /* LXTTableSQliteHelper.swift */,
				F4F33D9224CECD5400B7AF94 /* LXTSkillTableHelper.swift */,
				F44F85A524D0202C00C931DB /* LXTGoodsSQliteHelper.swift */,
				F4B5517924D1648100C9E6D6 /* LXTHeroTableHelper.swift */,
				F4C39AE724D2A4CB00E1EF5E /* LXTHeroSkillDBHelper.swift */,
				F43B8FAC24D810F40045E3E8 /* LXTEquipDBHelper.swift */,
				F476ED1124E12F1D00528517 /* LXTUserEquipDB.swift */,
				F46463C224FCDB250056BD86 /* LXTMonsterDB.swift */,
				F4EE0C07254960C300F22812 /* LXTSchemeDB.swift */,
			);
			path = SQliteHelper;
			sourceTree = "<group>";
		};
		F44428B624C2F64400AAB68E /* TrialArea */ = {
			isa = PBXGroup;
			children = (
				F44F7AA924EE63060066372C /* View */,
				F476EC5424EA6498000978D2 /* Model */,
				F44428BA24C2F92700AAB68E /* Controller */,
			);
			path = TrialArea;
			sourceTree = "<group>";
		};
		F44428B724C2F65900AAB68E /* User */ = {
			isa = PBXGroup;
			children = (
				F44F859924CFCDA300C931DB /* Model */,
				F44428BB24C2F94400AAB68E /* Controller */,
			);
			path = User;
			sourceTree = "<group>";
		};
		F44428BA24C2F92700AAB68E /* Controller */ = {
			isa = PBXGroup;
			children = (
				F44428B824C2F67300AAB68E /* LXTTrialAreaController.swift */,
				F476EC5224EA6207000978D2 /* LXTCopyListController.swift */,
			);
			path = Controller;
			sourceTree = "<group>";
		};
		F44428BB24C2F94400AAB68E /* Controller */ = {
			isa = PBXGroup;
			children = (
				F44F859C24CFCF0800C931DB /* LXTLoginController.swift */,
			);
			path = Controller;
			sourceTree = "<group>";
		};
		F4473E2C2536DBDD009C9248 /* Sect */ = {
			isa = PBXGroup;
			children = (
				F4473E2D2536DC7F009C9248 /* LXTSectController.swift */,
				F4473E312536E5CB009C9248 /* LXTSectApplyController.swift */,
				F45C060825398E80005A6B6E /* LXTMemberController.swift */,
				F492DEBF253EE65C00FB95B5 /* LXTBossController.swift */,
				F43826B5253D70D300233903 /* LXTSectLibController.swift */,
			);
			path = Sect;
			sourceTree = "<group>";
		};
		F4473E332536E62E009C9248 /* Sect */ = {
			isa = PBXGroup;
			children = (
				F4473E342536E653009C9248 /* LXTSectApplyCell.swift */,
				F45C060C253999E5005A6B6E /* LXTMemberCell.swift */,
			);
			path = Sect;
			sourceTree = "<group>";
		};
		F44F7AA924EE63060066372C /* View */ = {
			isa = PBXGroup;
			children = (
				F44F7AAA24EE63270066372C /* LXTTrialAreaCell.swift */,
				F4E4393C24EFC3EC00DB7847 /* LXTCopyCell.swift */,
			);
			path = View;
			sourceTree = "<group>";
		};
		F44F859324CFBE3D00C931DB /* View */ = {
			isa = PBXGroup;
			children = (
				F44F859424CFBE6400C931DB /* LXTBaseTableViewCell.swift */,
				F43B8FA824D8001D0045E3E8 /* LXTAlertView.swift */,
			);
			path = View;
			sourceTree = "<group>";
		};
		F44F859624CFC43100C931DB /* SkillLib */ = {
			isa = PBXGroup;
			children = (
				F44F859724CFC47500C931DB /* LXTSkillLibCell.swift */,
			);
			path = SkillLib;
			sourceTree = "<group>";
		};
		F44F859924CFCDA300C931DB /* Model */ = {
			isa = PBXGroup;
			children = (
				F44F859A24CFCDBD00C931DB /* LXTUserModel.swift */,
				F44F859E24CFD3E600C931DB /* LXTUserManager.swift */,
			);
			path = Model;
			sourceTree = "<group>";
		};
		F44F85A024CFF5BD00C931DB /* Model */ = {
			isa = PBXGroup;
			children = (
				F44F85A124CFF5FB00C931DB /* LXTGoodsModel.swift */,
			);
			path = Model;
			sourceTree = "<group>";
		};
		F44F85A724D0267500C931DB /* View */ = {
			isa = PBXGroup;
			children = (
				F44F85A824D0269300C931DB /* LXTGoodsCell.swift */,
				F44F85AA24D02F3000C931DB /* LXTGoodsView.swift */,
			);
			path = View;
			sourceTree = "<group>";
		};
		F457720924E3A0870062A5F3 /* New Group */ = {
			isa = PBXGroup;
			children = (
			);
			path = "New Group";
			sourceTree = "<group>";
		};
		F476397F24BD43AB00D906D4 = {
			isa = PBXGroup;
			children = (
				F476398A24BD43AB00D906D4 /* FantasyGame */,
				F47639A124BD43AF00D906D4 /* FantasyGameTests */,
				F47639AC24BD43AF00D906D4 /* FantasyGameUITests */,
				F476398924BD43AB00D906D4 /* Products */,
				B616B7581132789BF0D6D603 /* Pods */,
				024D7D4BFF93CAEF9A1031F1 /* Frameworks */,
			);
			sourceTree = "<group>";
		};
		F476398924BD43AB00D906D4 /* Products */ = {
			isa = PBXGroup;
			children = (
				F476398824BD43AB00D906D4 /* FantasyGame.app */,
				F476399E24BD43AF00D906D4 /* FantasyGameTests.xctest */,
				F47639A924BD43AF00D906D4 /* FantasyGameUITests.xctest */,
			);
			name = Products;
			sourceTree = "<group>";
		};
		F476398A24BD43AB00D906D4 /* FantasyGame */ = {
			isa = PBXGroup;
			children = (
				F476398B24BD43AB00D906D4 /* AppDelegate.swift */,
				F476398D24BD43AB00D906D4 /* SceneDelegate.swift */,
				F476398F24BD43AB00D906D4 /* ViewController.swift */,
				F476399124BD43AB00D906D4 /* Main.storyboard */,
				F476399424BD43AF00D906D4 /* Assets.xcassets */,
				F476399624BD43AF00D906D4 /* LaunchScreen.storyboard */,
				F476399924BD43AF00D906D4 /* Info.plist */,
				F4EBF1AA2502239500749135 /* Equipment.plist */,
				F4D9FAB124BE97B400EF594B /* README.md */,
				F429868324CEABC60030C049 /* Sources */,
				F47639BB24BD4A0C00D906D4 /* Class */,
			);
			path = FantasyGame;
			sourceTree = "<group>";
		};
		F47639A124BD43AF00D906D4 /* FantasyGameTests */ = {
			isa = PBXGroup;
			children = (
				F47639A224BD43AF00D906D4 /* FantasyGameTests.swift */,
				F47639A424BD43AF00D906D4 /* Info.plist */,
			);
			path = FantasyGameTests;
			sourceTree = "<group>";
		};
		F47639AC24BD43AF00D906D4 /* FantasyGameUITests */ = {
			isa = PBXGroup;
			children = (
				F47639AD24BD43AF00D906D4 /* FantasyGameUITests.swift */,
				F47639AF24BD43AF00D906D4 /* Info.plist */,
			);
			path = FantasyGameUITests;
			sourceTree = "<group>";
		};
		F47639BB24BD4A0C00D906D4 /* Class */ = {
			isa = PBXGroup;
			children = (
				F44428B724C2F65900AAB68E /* User */,
				F44428B624C2F64400AAB68E /* TrialArea */,
				F40F52A424C2D87E00FC95D9 /* Package */,
				F4010A4824C153930008A054 /* Role */,
				F47639CD24BD4ED200D906D4 /* Home */,
				F47639BC24BD4A1500D906D4 /* Common */,
			);
			path = Class;
			sourceTree = "<group>";
		};
		F47639BC24BD4A1500D906D4 /* Common */ = {
			isa = PBXGroup;
			children = (
				F42C381D24C58AD100E1E6BC /* SQliteHelper */,
				F4010A4C24C17CB30008A054 /* Helper */,
				F404131E24BD8C1C00E918F8 /* Manager */,
				F47639C924BD4D2C00D906D4 /* View */,
				F47639C124BD4B4700D906D4 /* Base */,
				F47639BD24BD4A1F00D906D4 /* Define */,
			);
			path = Common;
			sourceTree = "<group>";
		};
		F47639BD24BD4A1F00D906D4 /* Define */ = {
			isa = PBXGroup;
			children = (
				F47639BE24BD4A7700D906D4 /* ConstantDefine.swift */,
			);
			path = Define;
			sourceTree = "<group>";
		};
		F47639C024BD4B3800D906D4 /* Controller */ = {
			isa = PBXGroup;
			children = (
				F47639C724BD4C1300D906D4 /* LXTHomeController.swift */,
				F4D9FAB524BEA3D800EF594B /* LXTMapController.swift */,
				F4768BC224F8EC920042917A /* LXTStrongController.swift */,
				F49621C3254021B3006DC4B8 /* Forge */,
				F4473E2C2536DBDD009C9248 /* Sect */,
				F476ED0B24E0E51300528517 /* Equip */,
				F4F33D9424CECE0200B7AF94 /* SkillLib */,
			);
			path = Controller;
			sourceTree = "<group>";
		};
		F47639C124BD4B4700D906D4 /* Base */ = {
			isa = PBXGroup;
			children = (
				F44F859324CFBE3D00C931DB /* View */,
				F47639C224BD4B7D00D906D4 /* LXTBaseController.swift */,
				F4D9FAB324BEA0BA00EF594B /* LXTTabBarController.swift */,
				F47639C424BD4B9300D906D4 /* LXTBaseModel.swift */,
			);
			path = Base;
			sourceTree = "<group>";
		};
		F47639C924BD4D2C00D906D4 /* View */ = {
			isa = PBXGroup;
			children = (
				F47639CB24BD4DB700D906D4 /* LXTStripProgressView.swift */,
				F45C060A2539939B005A6B6E /* LXTViewHelper.swift */,
			);
			path = View;
			sourceTree = "<group>";
		};
		F47639CD24BD4ED200D906D4 /* Home */ = {
			isa = PBXGroup;
			children = (
				F404131624BD62C000E918F8 /* View */,
				F404130F24BD60D100E918F8 /* Model */,
				F47639C024BD4B3800D906D4 /* Controller */,
			);
			path = Home;
			sourceTree = "<group>";
		};
		F476EC5424EA6498000978D2 /* Model */ = {
			isa = PBXGroup;
			children = (
				F476EC5524EA64B5000978D2 /* LXTCopyModel.swift */,
				F44F7AA624EE59C80066372C /* LXTCopyManager.swift */,
			);
			path = Model;
			sourceTree = "<group>";
		};
		F476ED0B24E0E51300528517 /* Equip */ = {
			isa = PBXGroup;
			children = (
				F476ED1324E1313700528517 /* LXTEquipShopController.swift */,
			);
			path = Equip;
			sourceTree = "<group>";
		};
		F476ED0E24E0E61300528517 /* Equip */ = {
			isa = PBXGroup;
			children = (
			);
			path = Equip;
			sourceTree = "<group>";
		};
		F476ED1524E133A900528517 /* Equip */ = {
			isa = PBXGroup;
			children = (
				F476ED1624E133F400528517 /* LXTEquipShopCell.swift */,
			);
			path = Equip;
			sourceTree = "<group>";
		};
		F49621C3254021B3006DC4B8 /* Forge */ = {
			isa = PBXGroup;
			children = (
				F49621C425402267006DC4B8 /* LXTForgeController.swift */,
			);
			path = Forge;
			sourceTree = "<group>";
		};
		F4C39AE924D2A53F00E1EF5E /* Model */ = {
			isa = PBXGroup;
			children = (
				F4C39AEA24D2A58600E1EF5E /* LXTHeroSkillModel.swift */,
			);
			path = Model;
			sourceTree = "<group>";
		};
		F4F33D9424CECE0200B7AF94 /* SkillLib */ = {
			isa = PBXGroup;
			children = (
				F4F33D9924CECE8A00B7AF94 /* LXTSikllLibController.swift */,
			);
			path = SkillLib;
			sourceTree = "<group>";
		};
		F4F33D9B24CECF2200B7AF94 /* SkillLib */ = {
			isa = PBXGroup;
			children = (
				F4F33D9C24CECF4100B7AF94 /* LXTSkillModel.swift */,
				F44F85A324D0097C00C931DB /* LXTBookModel.swift */,
			);
			path = SkillLib;
			sourceTree = "<group>";
		};
		F4F33D9E24CED9BD00B7AF94 /* View */ = {
			isa = PBXGroup;
			children = (
				F4F33D9F24CED9E800B7AF94 /* LXTHeroSkillCell.swift */,
				F4F33DA124CEDC6400B7AF94 /* LXTHeroSkillTableCell.swift */,
				F427C2BE24D3FAB100B365C3 /* LXTHeroSkillChooseCell.swift */,
				F427C2C224D4200C00B365C3 /* LXTHeroSkillActivityCell.swift */,
				F427C2C024D41EF300B365C3 /* LXTSkillItem.swift */,
				F42F5EAF24E27A4800ED739D /* LXTHeroSimpleInfoView.swift */,
				F42F5EB124E2926300ED739D /* LXTSimpleInfoCell.swift */,
				F457720724E39D7F0062A5F3 /* LXTEquipCell.swift */,
				F44F48C924E662A60083B36F /* LXTEquipChooseCell.swift */,
			);
			path = View;
			sourceTree = "<group>";
		};
/* End PBXGroup section */

/* Begin PBXNativeTarget section */
		F476398724BD43AB00D906D4 /* FantasyGame */ = {
			isa = PBXNativeTarget;
			buildConfigurationList = F47639B224BD43AF00D906D4 /* Build configuration list for PBXNativeTarget "FantasyGame" */;
			buildPhases = (
				CD94EF43CE08962369EDED9D /* [CP] Check Pods Manifest.lock */,
				F476398424BD43AB00D906D4 /* Sources */,
				F476398524BD43AB00D906D4 /* Frameworks */,
				F476398624BD43AB00D906D4 /* Resources */,
				14FA7DB46D319E96189B5807 /* [CP] Embed Pods Frameworks */,
			);
			buildRules = (
			);
			dependencies = (
			);
			name = FantasyGame;
			productName = FantasyGame;
			productReference = F476398824BD43AB00D906D4 /* FantasyGame.app */;
			productType = "com.apple.product-type.application";
		};
		F476399D24BD43AF00D906D4 /* FantasyGameTests */ = {
			isa = PBXNativeTarget;
			buildConfigurationList = F47639B524BD43AF00D906D4 /* Build configuration list for PBXNativeTarget "FantasyGameTests" */;
			buildPhases = (
				F476399A24BD43AF00D906D4 /* Sources */,
				F476399B24BD43AF00D906D4 /* Frameworks */,
				F476399C24BD43AF00D906D4 /* Resources */,
			);
			buildRules = (
			);
			dependencies = (
				F47639A024BD43AF00D906D4 /* PBXTargetDependency */,
			);
			name = FantasyGameTests;
			productName = FantasyGameTests;
			productReference = F476399E24BD43AF00D906D4 /* FantasyGameTests.xctest */;
			productType = "com.apple.product-type.bundle.unit-test";
		};
		F47639A824BD43AF00D906D4 /* FantasyGameUITests */ = {
			isa = PBXNativeTarget;
			buildConfigurationList = F47639B824BD43AF00D906D4 /* Build configuration list for PBXNativeTarget "FantasyGameUITests" */;
			buildPhases = (
				F47639A524BD43AF00D906D4 /* Sources */,
				F47639A624BD43AF00D906D4 /* Frameworks */,
				F47639A724BD43AF00D906D4 /* Resources */,
			);
			buildRules = (
			);
			dependencies = (
				F47639AB24BD43AF00D906D4 /* PBXTargetDependency */,
			);
			name = FantasyGameUITests;
			productName = FantasyGameUITests;
			productReference = F47639A924BD43AF00D906D4 /* FantasyGameUITests.xctest */;
			productType = "com.apple.product-type.bundle.ui-testing";
		};
/* End PBXNativeTarget section */

/* Begin PBXProject section */
		F476398024BD43AB00D906D4 /* Project object */ = {
			isa = PBXProject;
			attributes = {
				LastSwiftUpdateCheck = 1150;
				LastUpgradeCheck = 1150;
				ORGANIZATIONNAME = LXT;
				TargetAttributes = {
					F476398724BD43AB00D906D4 = {
						CreatedOnToolsVersion = 11.5;
					};
					F476399D24BD43AF00D906D4 = {
						CreatedOnToolsVersion = 11.5;
						TestTargetID = F476398724BD43AB00D906D4;
					};
					F47639A824BD43AF00D906D4 = {
						CreatedOnToolsVersion = 11.5;
						TestTargetID = F476398724BD43AB00D906D4;
					};
				};
			};
			buildConfigurationList = F476398324BD43AB00D906D4 /* Build configuration list for PBXProject "FantasyGame" */;
			compatibilityVersion = "Xcode 9.3";
			developmentRegion = en;
			hasScannedForEncodings = 0;
			knownRegions = (
				en,
				Base,
			);
			mainGroup = F476397F24BD43AB00D906D4;
			productRefGroup = F476398924BD43AB00D906D4 /* Products */;
			projectDirPath = "";
			projectRoot = "";
			targets = (
				F476398724BD43AB00D906D4 /* FantasyGame */,
				F476399D24BD43AF00D906D4 /* FantasyGameTests */,
				F47639A824BD43AF00D906D4 /* FantasyGameUITests */,
			);
		};
/* End PBXProject section */

/* Begin PBXResourcesBuildPhase section */
		F476398624BD43AB00D906D4 /* Resources */ = {
			isa = PBXResourcesBuildPhase;
			buildActionMask = 2147483647;
			files = (
				F476399824BD43AF00D906D4 /* LaunchScreen.storyboard in Resources */,
				F4128862250776CA009ADDFE /* skill.json in Resources */,
				F476399524BD43AF00D906D4 /* Assets.xcassets in Resources */,
				F4D9FAB224BE97B400EF594B /* README.md in Resources */,
				F429868624CEAC070030C049 /* Table.txt in Resources */,
				F476399324BD43AB00D906D4 /* Main.storyboard in Resources */,
				F412886025076F6F009ADDFE /* equipment.json in Resources */,
				F4A6517325567A760017DE56 /* Scheme.json in Resources */,
				F412885A25075EB1009ADDFE /* equipment.txt in Resources */,
				F412885C250769E8009ADDFE /* test.txt in Resources */,
				F4EBF1AB2502239500749135 /* Equipment.plist in Resources */,
			);
			runOnlyForDeploymentPostprocessing = 0;
		};
		F476399C24BD43AF00D906D4 /* Resources */ = {
			isa = PBXResourcesBuildPhase;
			buildActionMask = 2147483647;
			files = (
			);
			runOnlyForDeploymentPostprocessing = 0;
		};
		F47639A724BD43AF00D906D4 /* Resources */ = {
			isa = PBXResourcesBuildPhase;
			buildActionMask = 2147483647;
			files = (
			);
			runOnlyForDeploymentPostprocessing = 0;
		};
/* End PBXResourcesBuildPhase section */

/* Begin PBXShellScriptBuildPhase section */
		14FA7DB46D319E96189B5807 /* [CP] Embed Pods Frameworks */ = {
			isa = PBXShellScriptBuildPhase;
			buildActionMask = 2147483647;
			files = (
			);
			inputFileListPaths = (
				"${PODS_ROOT}/Target Support Files/Pods-FantasyGame/Pods-FantasyGame-frameworks-${CONFIGURATION}-input-files.xcfilelist",
			);
			name = "[CP] Embed Pods Frameworks";
			outputFileListPaths = (
				"${PODS_ROOT}/Target Support Files/Pods-FantasyGame/Pods-FantasyGame-frameworks-${CONFIGURATION}-output-files.xcfilelist",
			);
			runOnlyForDeploymentPostprocessing = 0;
			shellPath = /bin/sh;
			shellScript = "\"${PODS_ROOT}/Target Support Files/Pods-FantasyGame/Pods-FantasyGame-frameworks.sh\"\n";
			showEnvVarsInLog = 0;
		};
		CD94EF43CE08962369EDED9D /* [CP] Check Pods Manifest.lock */ = {
			isa = PBXShellScriptBuildPhase;
			buildActionMask = 2147483647;
			files = (
			);
			inputFileListPaths = (
			);
			inputPaths = (
				"${PODS_PODFILE_DIR_PATH}/Podfile.lock",
				"${PODS_ROOT}/Manifest.lock",
			);
			name = "[CP] Check Pods Manifest.lock";
			outputFileListPaths = (
			);
			outputPaths = (
				"$(DERIVED_FILE_DIR)/Pods-FantasyGame-checkManifestLockResult.txt",
			);
			runOnlyForDeploymentPostprocessing = 0;
			shellPath = /bin/sh;
			shellScript = "diff \"${PODS_PODFILE_DIR_PATH}/Podfile.lock\" \"${PODS_ROOT}/Manifest.lock\" > /dev/null\nif [ $? != 0 ] ; then\n    # print error to STDERR\n    echo \"error: The sandbox is not in sync with the Podfile.lock. Run 'pod install' or update your CocoaPods installation.\" >&2\n    exit 1\nfi\n# This output is used by Xcode 'outputs' to avoid re-running this script phase.\necho \"SUCCESS\" > \"${SCRIPT_OUTPUT_FILE_0}\"\n";
			showEnvVarsInLog = 0;
		};
/* End PBXShellScriptBuildPhase section */

/* Begin PBXSourcesBuildPhase section */
		F476398424BD43AB00D906D4 /* Sources */ = {
			isa = PBXSourcesBuildPhase;
			buildActionMask = 2147483647;
			files = (
				F40F52A324C28F1C00FC95D9 /* LXTExpStripView.swift in Sources */,
				F404131C24BD630700E918F8 /* LXTMonsterView.swift in Sources */,
				F404131524BD616100E918F8 /* LXTMonsterModel.swift in Sources */,
				F4F33D9324CECD5400B7AF94 /* LXTSkillTableHelper.swift in Sources */,
				F476EC5624EA64B5000978D2 /* LXTCopyModel.swift in Sources */,
				F45C060925398E80005A6B6E /* LXTMemberController.swift in Sources */,
				F44428B924C2F67300AAB68E /* LXTTrialAreaController.swift in Sources */,
				F44F85A424D0097C00C931DB /* LXTBookModel.swift in Sources */,
				F44F7AA724EE59C80066372C /* LXTCopyManager.swift in Sources */,
				F4010A4724C1535F0008A054 /* LXTRoleManager.swift in Sources */,
				F44F859D24CFCF0800C931DB /* LXTLoginController.swift in Sources */,
				F47639BF24BD4A7700D906D4 /* ConstantDefine.swift in Sources */,
				F4B5517A24D1648100C9E6D6 /* LXTHeroTableHelper.swift in Sources */,
				F4C39AE824D2A4CB00E1EF5E /* LXTHeroSkillDBHelper.swift in Sources */,
				F476399024BD43AB00D906D4 /* ViewController.swift in Sources */,
				F4F33D9A24CECE8A00B7AF94 /* LXTSikllLibController.swift in Sources */,
				F42C381F24C58B0600E1E6BC /* LXTTableSQliteHelper.swift in Sources */,
				F4EBF1AF25022F6700749135 /* LXTReadFileHelper.swift in Sources */,
				F476398C24BD43AB00D906D4 /* AppDelegate.swift in Sources */,
				F43826B6253D70D300233903 /* LXTSectLibController.swift in Sources */,
				F4FE7A2F24F79D5500E080AD /* LXTStringHelper.swift in Sources */,
				F45C060D253999E5005A6B6E /* LXTMemberCell.swift in Sources */,
				F44F85A624D0202C00C931DB /* LXTGoodsSQliteHelper.swift in Sources */,
				F44A452E24E53BCE00A31454 /* LXTUserEquipModel.swift in Sources */,
				F404131124BD60E700E918F8 /* LXTRoleModel.swift in Sources */,
				F46463C324FCDB250056BD86 /* LXTMonsterDB.swift in Sources */,
				F404131824BD62E900E918F8 /* LXTRoleView.swift in Sources */,
				F44F7AAB24EE63270066372C /* LXTTrialAreaCell.swift in Sources */,
				F40F52A624C2E2A500FC95D9 /* LXTPackageController.swift in Sources */,
				F4F33DA024CED9E800B7AF94 /* LXTHeroSkillCell.swift in Sources */,
				F44F859524CFBE6400C931DB /* LXTBaseTableViewCell.swift in Sources */,
				F43B8FAF24D8116E0045E3E8 /* LXTEquipModel.swift in Sources */,
				F476ED1724E133F400528517 /* LXTEquipShopCell.swift in Sources */,
				F43B8FAD24D810F40045E3E8 /* LXTEquipDBHelper.swift in Sources */,
				F4C39AED24D2BCAA00E1EF5E /* LXTStudySkillController.swift in Sources */,
				F4768BC324F8EC920042917A /* LXTStrongController.swift in Sources */,
				F457720824E39D7F0062A5F3 /* LXTEquipCell.swift in Sources */,
				F476ED1224E12F1D00528517 /* LXTUserEquipDB.swift in Sources */,
				F476ED1424E1313700528517 /* LXTEquipShopController.swift in Sources */,
				F4010A4B24C154120008A054 /* LXTRoleController.swift in Sources */,
				F404131324BD615100E918F8 /* LXTHeroModel.swift in Sources */,
				F492DEC0253EE65C00FB95B5 /* LXTBossController.swift in Sources */,
				F42F5EB224E2926300ED739D /* LXTSimpleInfoCell.swift in Sources */,
				F476398E24BD43AB00D906D4 /* SceneDelegate.swift in Sources */,
				F427C2C124D41EF300B365C3 /* LXTSkillItem.swift in Sources */,
				F4C39AEB24D2A58600E1EF5E /* LXTHeroSkillModel.swift in Sources */,
				F44F85AB24D02F3000C931DB /* LXTGoodsView.swift in Sources */,
				F47639C324BD4B7D00D906D4 /* LXTBaseController.swift in Sources */,
				F4EE0C08254960C300F22812 /* LXTSchemeDB.swift in Sources */,
				F45C060B2539939B005A6B6E /* LXTViewHelper.swift in Sources */,
				F4473E322536E5CB009C9248 /* LXTSectApplyController.swift in Sources */,
				F49621C525402267006DC4B8 /* LXTForgeController.swift in Sources */,
				F404132024BD8C3900E918F8 /* LXTUserDefaultManager.swift in Sources */,
				F44F859B24CFCDBD00C931DB /* LXTUserModel.swift in Sources */,
				F4F33DA224CEDC6400B7AF94 /* LXTHeroSkillTableCell.swift in Sources */,
				F4F33D9D24CECF4100B7AF94 /* LXTSkillModel.swift in Sources */,
				F40DA89D24F8DD1E0018FF2B /* LXTFuncMenuView.swift in Sources */,
				F4A6516D255677710017DE56 /* LXTSchemeModel.swift in Sources */,
				F44F85A924D0269300C931DB /* LXTGoodsCell.swift in Sources */,
				F4D9FAB624BEA3D800EF594B /* LXTMapController.swift in Sources */,
				F47639C824BD4C1300D906D4 /* LXTHomeController.swift in Sources */,
				F45C060725397030005A6B6E /* LXTSectModel.swift in Sources */,
				F44F85A224CFF5FB00C931DB /* LXTGoodsModel.swift in Sources */,
				F44F859F24CFD3E600C931DB /* LXTUserManager.swift in Sources */,
				F4473E2E2536DC7F009C9248 /* LXTSectController.swift in Sources */,
				F4473E352536E653009C9248 /* LXTSectApplyCell.swift in Sources */,
				F4D9FAB424BEA0BA00EF594B /* LXTTabBarController.swift in Sources */,
				F44F48CA24E662A60083B36F /* LXTEquipChooseCell.swift in Sources */,
				F4010A4E24C17CE70008A054 /* LXTDateHelper.swift in Sources */,
				F43B8FA924D8001D0045E3E8 /* LXTAlertView.swift in Sources */,
				F427C2BF24D3FAB100B365C3 /* LXTHeroSkillChooseCell.swift in Sources */,
				F44DF85F2559389F000F6B85 /* LXTMapCell.swift in Sources */,
				F44F859824CFC47500C931DB /* LXTSkillLibCell.swift in Sources */,
				F404131A24BD62FA00E918F8 /* LXTHeroView.swift in Sources */,
				F476EC5324EA6207000978D2 /* LXTCopyListController.swift in Sources */,
				F427C2BD24D3F5F300B365C3 /* LXTChooseSkillController.swift in Sources */,
				F4768BC524F8F43D0042917A /* LXTStrongChooseView.swift in Sources */,
				F47639C524BD4B9300D906D4 /* LXTBaseModel.swift in Sources */,
				F427C2C324D4200C00B365C3 /* LXTHeroSkillActivityCell.swift in Sources */,
				F47639CC24BD4DB700D906D4 /* LXTStripProgressView.swift in Sources */,
				F42F5EB024E27A4800ED739D /* LXTHeroSimpleInfoView.swift in Sources */,
				F457720B24E3A0B00062A5F3 /* LXTEquipChooseController.swift in Sources */,
				F4E4393D24EFC3EC00DB7847 /* LXTCopyCell.swift in Sources */,
			);
			runOnlyForDeploymentPostprocessing = 0;
		};
		F476399A24BD43AF00D906D4 /* Sources */ = {
			isa = PBXSourcesBuildPhase;
			buildActionMask = 2147483647;
			files = (
				F47639A324BD43AF00D906D4 /* FantasyGameTests.swift in Sources */,
			);
			runOnlyForDeploymentPostprocessing = 0;
		};
		F47639A524BD43AF00D906D4 /* Sources */ = {
			isa = PBXSourcesBuildPhase;
			buildActionMask = 2147483647;
			files = (
				F47639AE24BD43AF00D906D4 /* FantasyGameUITests.swift in Sources */,
			);
			runOnlyForDeploymentPostprocessing = 0;
		};
/* End PBXSourcesBuildPhase section */

/* Begin PBXTargetDependency section */
		F47639A024BD43AF00D906D4 /* PBXTargetDependency */ = {
			isa = PBXTargetDependency;
			target = F476398724BD43AB00D906D4 /* FantasyGame */;
			targetProxy = F476399F24BD43AF00D906D4 /* PBXContainerItemProxy */;
		};
		F47639AB24BD43AF00D906D4 /* PBXTargetDependency */ = {
			isa = PBXTargetDependency;
			target = F476398724BD43AB00D906D4 /* FantasyGame */;
			targetProxy = F47639AA24BD43AF00D906D4 /* PBXContainerItemProxy */;
		};
/* End PBXTargetDependency section */

/* Begin PBXVariantGroup section */
		F476399124BD43AB00D906D4 /* Main.storyboard */ = {
			isa = PBXVariantGroup;
			children = (
				F476399224BD43AB00D906D4 /* Base */,
			);
			name = Main.storyboard;
			sourceTree = "<group>";
		};
		F476399624BD43AF00D906D4 /* LaunchScreen.storyboard */ = {
			isa = PBXVariantGroup;
			children = (
				F476399724BD43AF00D906D4 /* Base */,
			);
			name = LaunchScreen.storyboard;
			sourceTree = "<group>";
		};
/* End PBXVariantGroup section */

/* Begin XCBuildConfiguration section */
		F47639B024BD43AF00D906D4 /* Debug */ = {
			isa = XCBuildConfiguration;
			buildSettings = {
				ALWAYS_SEARCH_USER_PATHS = NO;
				CLANG_ANALYZER_NONNULL = YES;
				CLANG_ANALYZER_NUMBER_OBJECT_CONVERSION = YES_AGGRESSIVE;
				CLANG_CXX_LANGUAGE_STANDARD = "gnu++14";
				CLANG_CXX_LIBRARY = "libc++";
				CLANG_ENABLE_MODULES = YES;
				CLANG_ENABLE_OBJC_ARC = YES;
				CLANG_ENABLE_OBJC_WEAK = YES;
				CLANG_WARN_BLOCK_CAPTURE_AUTORELEASING = YES;
				CLANG_WARN_BOOL_CONVERSION = YES;
				CLANG_WARN_COMMA = YES;
				CLANG_WARN_CONSTANT_CONVERSION = YES;
				CLANG_WARN_DEPRECATED_OBJC_IMPLEMENTATIONS = YES;
				CLANG_WARN_DIRECT_OBJC_ISA_USAGE = YES_ERROR;
				CLANG_WARN_DOCUMENTATION_COMMENTS = YES;
				CLANG_WARN_EMPTY_BODY = YES;
				CLANG_WARN_ENUM_CONVERSION = YES;
				CLANG_WARN_INFINITE_RECURSION = YES;
				CLANG_WARN_INT_CONVERSION = YES;
				CLANG_WARN_NON_LITERAL_NULL_CONVERSION = YES;
				CLANG_WARN_OBJC_IMPLICIT_RETAIN_SELF = YES;
				CLANG_WARN_OBJC_LITERAL_CONVERSION = YES;
				CLANG_WARN_OBJC_ROOT_CLASS = YES_ERROR;
				CLANG_WARN_RANGE_LOOP_ANALYSIS = YES;
				CLANG_WARN_STRICT_PROTOTYPES = YES;
				CLANG_WARN_SUSPICIOUS_MOVE = YES;
				CLANG_WARN_UNGUARDED_AVAILABILITY = YES_AGGRESSIVE;
				CLANG_WARN_UNREACHABLE_CODE = YES;
				CLANG_WARN__DUPLICATE_METHOD_MATCH = YES;
				COPY_PHASE_STRIP = NO;
				DEBUG_INFORMATION_FORMAT = dwarf;
				ENABLE_STRICT_OBJC_MSGSEND = YES;
				ENABLE_TESTABILITY = YES;
				GCC_C_LANGUAGE_STANDARD = gnu11;
				GCC_DYNAMIC_NO_PIC = NO;
				GCC_NO_COMMON_BLOCKS = YES;
				GCC_OPTIMIZATION_LEVEL = 0;
				GCC_PREPROCESSOR_DEFINITIONS = (
					"DEBUG=1",
					"$(inherited)",
				);
				GCC_WARN_64_TO_32_BIT_CONVERSION = YES;
				GCC_WARN_ABOUT_RETURN_TYPE = YES_ERROR;
				GCC_WARN_UNDECLARED_SELECTOR = YES;
				GCC_WARN_UNINITIALIZED_AUTOS = YES_AGGRESSIVE;
				GCC_WARN_UNUSED_FUNCTION = YES;
				GCC_WARN_UNUSED_VARIABLE = YES;
				IPHONEOS_DEPLOYMENT_TARGET = 13.5;
				MTL_ENABLE_DEBUG_INFO = INCLUDE_SOURCE;
				MTL_FAST_MATH = YES;
				ONLY_ACTIVE_ARCH = YES;
				SDKROOT = iphoneos;
				SWIFT_ACTIVE_COMPILATION_CONDITIONS = DEBUG;
				SWIFT_OPTIMIZATION_LEVEL = "-Onone";
			};
			name = Debug;
		};
		F47639B124BD43AF00D906D4 /* Release */ = {
			isa = XCBuildConfiguration;
			buildSettings = {
				ALWAYS_SEARCH_USER_PATHS = NO;
				CLANG_ANALYZER_NONNULL = YES;
				CLANG_ANALYZER_NUMBER_OBJECT_CONVERSION = YES_AGGRESSIVE;
				CLANG_CXX_LANGUAGE_STANDARD = "gnu++14";
				CLANG_CXX_LIBRARY = "libc++";
				CLANG_ENABLE_MODULES = YES;
				CLANG_ENABLE_OBJC_ARC = YES;
				CLANG_ENABLE_OBJC_WEAK = YES;
				CLANG_WARN_BLOCK_CAPTURE_AUTORELEASING = YES;
				CLANG_WARN_BOOL_CONVERSION = YES;
				CLANG_WARN_COMMA = YES;
				CLANG_WARN_CONSTANT_CONVERSION = YES;
				CLANG_WARN_DEPRECATED_OBJC_IMPLEMENTATIONS = YES;
				CLANG_WARN_DIRECT_OBJC_ISA_USAGE = YES_ERROR;
				CLANG_WARN_DOCUMENTATION_COMMENTS = YES;
				CLANG_WARN_EMPTY_BODY = YES;
				CLANG_WARN_ENUM_CONVERSION = YES;
				CLANG_WARN_INFINITE_RECURSION = YES;
				CLANG_WARN_INT_CONVERSION = YES;
				CLANG_WARN_NON_LITERAL_NULL_CONVERSION = YES;
				CLANG_WARN_OBJC_IMPLICIT_RETAIN_SELF = YES;
				CLANG_WARN_OBJC_LITERAL_CONVERSION = YES;
				CLANG_WARN_OBJC_ROOT_CLASS = YES_ERROR;
				CLANG_WARN_RANGE_LOOP_ANALYSIS = YES;
				CLANG_WARN_STRICT_PROTOTYPES = YES;
				CLANG_WARN_SUSPICIOUS_MOVE = YES;
				CLANG_WARN_UNGUARDED_AVAILABILITY = YES_AGGRESSIVE;
				CLANG_WARN_UNREACHABLE_CODE = YES;
				CLANG_WARN__DUPLICATE_METHOD_MATCH = YES;
				COPY_PHASE_STRIP = NO;
				DEBUG_INFORMATION_FORMAT = "dwarf-with-dsym";
				ENABLE_NS_ASSERTIONS = NO;
				ENABLE_STRICT_OBJC_MSGSEND = YES;
				GCC_C_LANGUAGE_STANDARD = gnu11;
				GCC_NO_COMMON_BLOCKS = YES;
				GCC_WARN_64_TO_32_BIT_CONVERSION = YES;
				GCC_WARN_ABOUT_RETURN_TYPE = YES_ERROR;
				GCC_WARN_UNDECLARED_SELECTOR = YES;
				GCC_WARN_UNINITIALIZED_AUTOS = YES_AGGRESSIVE;
				GCC_WARN_UNUSED_FUNCTION = YES;
				GCC_WARN_UNUSED_VARIABLE = YES;
				IPHONEOS_DEPLOYMENT_TARGET = 13.5;
				MTL_ENABLE_DEBUG_INFO = NO;
				MTL_FAST_MATH = YES;
				SDKROOT = iphoneos;
				SWIFT_COMPILATION_MODE = wholemodule;
				SWIFT_OPTIMIZATION_LEVEL = "-O";
				VALIDATE_PRODUCT = YES;
			};
			name = Release;
		};
		F47639B324BD43AF00D906D4 /* Debug */ = {
			isa = XCBuildConfiguration;
			baseConfigurationReference = D7E8344E7F71C4F39B6F8F28 /* Pods-FantasyGame.debug.xcconfig */;
			buildSettings = {
				ASSETCATALOG_COMPILER_APPICON_NAME = AppIcon;
				CODE_SIGN_STYLE = Automatic;
				DEVELOPMENT_TEAM = 6N56F2WDW2;
				INFOPLIST_FILE = FantasyGame/Info.plist;
				IPHONEOS_DEPLOYMENT_TARGET = 11.0;
				LD_RUNPATH_SEARCH_PATHS = (
					"$(inherited)",
					"@executable_path/Frameworks",
				);
				PRODUCT_BUNDLE_IDENTIFIER = com.lxt.FantasyGame;
				PRODUCT_NAME = "$(TARGET_NAME)";
				SWIFT_VERSION = 5.0;
				TARGETED_DEVICE_FAMILY = "1,2";
			};
			name = Debug;
		};
		F47639B424BD43AF00D906D4 /* Release */ = {
			isa = XCBuildConfiguration;
			baseConfigurationReference = 4AFF461CC014FC502A3864D3 /* Pods-FantasyGame.release.xcconfig */;
			buildSettings = {
				ASSETCATALOG_COMPILER_APPICON_NAME = AppIcon;
				CODE_SIGN_STYLE = Automatic;
				DEVELOPMENT_TEAM = 6N56F2WDW2;
				INFOPLIST_FILE = FantasyGame/Info.plist;
				IPHONEOS_DEPLOYMENT_TARGET = 11.0;
				LD_RUNPATH_SEARCH_PATHS = (
					"$(inherited)",
					"@executable_path/Frameworks",
				);
				PRODUCT_BUNDLE_IDENTIFIER = com.lxt.FantasyGame;
				PRODUCT_NAME = "$(TARGET_NAME)";
				SWIFT_VERSION = 5.0;
				TARGETED_DEVICE_FAMILY = "1,2";
			};
			name = Release;
		};
		F47639B624BD43AF00D906D4 /* Debug */ = {
			isa = XCBuildConfiguration;
			buildSettings = {
				ALWAYS_EMBED_SWIFT_STANDARD_LIBRARIES = YES;
				BUNDLE_LOADER = "$(TEST_HOST)";
				CODE_SIGN_STYLE = Automatic;
				DEVELOPMENT_TEAM = 73497T5ED8;
				INFOPLIST_FILE = FantasyGameTests/Info.plist;
				IPHONEOS_DEPLOYMENT_TARGET = 13.5;
				LD_RUNPATH_SEARCH_PATHS = (
					"$(inherited)",
					"@executable_path/Frameworks",
					"@loader_path/Frameworks",
				);
				PRODUCT_BUNDLE_IDENTIFIER = com.lxt.FantasyGameTests;
				PRODUCT_NAME = "$(TARGET_NAME)";
				SWIFT_VERSION = 5.0;
				TARGETED_DEVICE_FAMILY = "1,2";
				TEST_HOST = "$(BUILT_PRODUCTS_DIR)/FantasyGame.app/FantasyGame";
			};
			name = Debug;
		};
		F47639B724BD43AF00D906D4 /* Release */ = {
			isa = XCBuildConfiguration;
			buildSettings = {
				ALWAYS_EMBED_SWIFT_STANDARD_LIBRARIES = YES;
				BUNDLE_LOADER = "$(TEST_HOST)";
				CODE_SIGN_STYLE = Automatic;
				DEVELOPMENT_TEAM = 73497T5ED8;
				INFOPLIST_FILE = FantasyGameTests/Info.plist;
				IPHONEOS_DEPLOYMENT_TARGET = 13.5;
				LD_RUNPATH_SEARCH_PATHS = (
					"$(inherited)",
					"@executable_path/Frameworks",
					"@loader_path/Frameworks",
				);
				PRODUCT_BUNDLE_IDENTIFIER = com.lxt.FantasyGameTests;
				PRODUCT_NAME = "$(TARGET_NAME)";
				SWIFT_VERSION = 5.0;
				TARGETED_DEVICE_FAMILY = "1,2";
				TEST_HOST = "$(BUILT_PRODUCTS_DIR)/FantasyGame.app/FantasyGame";
			};
			name = Release;
		};
		F47639B924BD43AF00D906D4 /* Debug */ = {
			isa = XCBuildConfiguration;
			buildSettings = {
				ALWAYS_EMBED_SWIFT_STANDARD_LIBRARIES = YES;
				CODE_SIGN_STYLE = Automatic;
				DEVELOPMENT_TEAM = 73497T5ED8;
				INFOPLIST_FILE = FantasyGameUITests/Info.plist;
				LD_RUNPATH_SEARCH_PATHS = (
					"$(inherited)",
					"@executable_path/Frameworks",
					"@loader_path/Frameworks",
				);
				PRODUCT_BUNDLE_IDENTIFIER = com.lxt.FantasyGameUITests;
				PRODUCT_NAME = "$(TARGET_NAME)";
				SWIFT_VERSION = 5.0;
				TARGETED_DEVICE_FAMILY = "1,2";
				TEST_TARGET_NAME = FantasyGame;
			};
			name = Debug;
		};
		F47639BA24BD43AF00D906D4 /* Release */ = {
			isa = XCBuildConfiguration;
			buildSettings = {
				ALWAYS_EMBED_SWIFT_STANDARD_LIBRARIES = YES;
				CODE_SIGN_STYLE = Automatic;
				DEVELOPMENT_TEAM = 73497T5ED8;
				INFOPLIST_FILE = FantasyGameUITests/Info.plist;
				LD_RUNPATH_SEARCH_PATHS = (
					"$(inherited)",
					"@executable_path/Frameworks",
					"@loader_path/Frameworks",
				);
				PRODUCT_BUNDLE_IDENTIFIER = com.lxt.FantasyGameUITests;
				PRODUCT_NAME = "$(TARGET_NAME)";
				SWIFT_VERSION = 5.0;
				TARGETED_DEVICE_FAMILY = "1,2";
				TEST_TARGET_NAME = FantasyGame;
			};
			name = Release;
		};
/* End XCBuildConfiguration section */

/* Begin XCConfigurationList section */
		F476398324BD43AB00D906D4 /* Build configuration list for PBXProject "FantasyGame" */ = {
			isa = XCConfigurationList;
			buildConfigurations = (
				F47639B024BD43AF00D906D4 /* Debug */,
				F47639B124BD43AF00D906D4 /* Release */,
			);
			defaultConfigurationIsVisible = 0;
			defaultConfigurationName = Release;
		};
		F47639B224BD43AF00D906D4 /* Build configuration list for PBXNativeTarget "FantasyGame" */ = {
			isa = XCConfigurationList;
			buildConfigurations = (
				F47639B324BD43AF00D906D4 /* Debug */,
				F47639B424BD43AF00D906D4 /* Release */,
			);
			defaultConfigurationIsVisible = 0;
			defaultConfigurationName = Release;
		};
		F47639B524BD43AF00D906D4 /* Build configuration list for PBXNativeTarget "FantasyGameTests" */ = {
			isa = XCConfigurationList;
			buildConfigurations = (
				F47639B624BD43AF00D906D4 /* Debug */,
				F47639B724BD43AF00D906D4 /* Release */,
			);
			defaultConfigurationIsVisible = 0;
			defaultConfigurationName = Release;
		};
		F47639B824BD43AF00D906D4 /* Build configuration list for PBXNativeTarget "FantasyGameUITests" */ = {
			isa = XCConfigurationList;
			buildConfigurations = (
				F47639B924BD43AF00D906D4 /* Debug */,
				F47639BA24BD43AF00D906D4 /* Release */,
			);
			defaultConfigurationIsVisible = 0;
			defaultConfigurationName = Release;
		};
/* End XCConfigurationList section */
	};
	rootObject = F476398024BD43AB00D906D4 /* Project object */;
}
